PODS:
  - Alamofire (4.9.1)
  - AlamofireNetworkActivityIndicator (2.4.0):
    - Alamofire (~> 4.8)
  - Kingfisher (4.10.1)
  - MVVM-Swift (1.1.0)
  - ObjectMapper (3.5.1)
  - SwiftLint (0.38.2)
  - YoutubePlayer-in-WKWebView (0.3.4)

DEPENDENCIES:
  - Alamofire
  - AlamofireNetworkActivityIndicator
  - Kingfisher
  - MVVM-Swift
  - ObjectMapper
  - SwiftLint
  - YoutubePlayer-in-WKWebView

SPEC REPOS:
  trunk:
    - Alamofire
    - AlamofireNetworkActivityIndicator
    - Kingfisher
    - MVVM-Swift
    - ObjectMapper
    - SwiftLint
    - YoutubePlayer-in-WKWebView

SPEC CHECKSUMS:
  Alamofire: 85e8a02c69d6020a0d734f6054870d7ecb75cf18
  AlamofireNetworkActivityIndicator: 9acc3de3ca6645bf0efed462396b0df13dd3e7b8
  Kingfisher: c148cd7b47ebde9989f6bc7c27dcaa79d81279a0
  MVVM-Swift: 54749cc12bb30af41632f30a2c576a18bf9e4bc8
  ObjectMapper: 70187b8941977c62ccfb423caf6b50be405cabf0
  SwiftLint: 8f5d2f903e1c9bcbc832fd16771e80a263ac6cbb
  YoutubePlayer-in-WKWebView: af2f5929fc78882d94bfdfeea999b661b78d9717

PODFILE CHECKSUM: 7c4526e0a1b653142840e88b6a18455fa7cc4586

COCOAPODS: 1.8.4
